
Microsoft Visual Studio Solution File, Format Version 12.00
# Visual Studio Version 17
VisualStudioVersion = 17.14.36518.9
MinimumVisualStudioVersion = 10.0.40219.1
Project("{2150E333-8FDC-42A3-9474-1A3956D46DE8}") = "src", "src", "{02EA681E-C7D8-13C7-8484-4AC65E1B71E8}"
EndProject
Project("{2150E333-8FDC-42A3-9474-1A3956D46DE8}") = "tests", "tests", "{3B0FD44B-763B-4F75-8196-7D7961DA9F39}"
EndProject
Project("{2150E333-8FDC-42A3-9474-1A3956D46DE8}") = "docs", "docs", "{6DCDA908-B350-4F02-8C8F-28EE2788801A}"
EndProject
Project("{2150E333-8FDC-42A3-9474-1A3956D46DE8}") = "Services", "Services", "{F595B4E6-5CE9-46BC-A1F0-6D1D59972F43}"
EndProject
Project("{2150E333-8FDC-42A3-9474-1A3956D46DE8}") = "TradingService", "TradingService", "{DF4C5791-5C82-48CF-B8A2-E472DAE44325}"
EndProject
Project("{2150E333-8FDC-42A3-9474-1A3956D46DE8}") = "WalletService", "WalletService", "{9BEF9BDF-6362-4C15-88BC-129AE933B7AD}"
EndProject
Project("{2150E333-8FDC-42A3-9474-1A3956D46DE8}") = "Market", "Market", "{E551F7B7-DD19-405C-B15A-46F6F648C4C6}"
EndProject
Project("{2150E333-8FDC-42A3-9474-1A3956D46DE8}") = "Analytics", "Analytics", "{7FBFADDD-00D6-4630-AC5A-D3691F411466}"
EndProject
Project("{2150E333-8FDC-42A3-9474-1A3956D46DE8}") = "Identity", "Identity", "{543619E2-0B1C-4ADE-B9EF-C61F053A6ECB}"
EndProject
Project("{2150E333-8FDC-42A3-9474-1A3956D46DE8}") = "BuildingBlocks", "BuildingBlocks", "{56FAE007-FF4F-431F-A484-D1266759569F}"
EndProject
Project("{2150E333-8FDC-42A3-9474-1A3956D46DE8}") = "UnitTests", "UnitTests", "{BB3B84FB-87B8-45F2-A6C6-719CD4C2783F}"
EndProject
Project("{2150E333-8FDC-42A3-9474-1A3956D46DE8}") = "IntegrationTests", "IntegrationTests", "{DCB51E52-0579-4437-B601-16C6A00D3EC1}"
EndProject
Project("{2150E333-8FDC-42A3-9474-1A3956D46DE8}") = "ArchitectureTests", "ArchitectureTests", "{39CE358E-FB80-44B1-A0BC-4F9A740614D4}"
EndProject
Project("{2150E333-8FDC-42A3-9474-1A3956D46DE8}") = "architecture", "architecture", "{C4B0405C-0A3D-4E16-99AC-AED323A8635C}"
EndProject
Project("{2150E333-8FDC-42A3-9474-1A3956D46DE8}") = "ai-guidelines", "ai-guidelines", "{21A79FEE-9A73-4917-9BDB-2EC90C623726}"
EndProject
Project("{2150E333-8FDC-42A3-9474-1A3956D46DE8}") = "api", "api", "{796A0BF5-B899-48E1-815A-6EC541051363}"
EndProject
Project("{FAE04EC0-301F-11D3-BF4B-00C04F79EFBC}") = "Common", "MicroEspire\src\BuildingBlocks\Common\Common.csproj", "{C8E453F6-2425-4632-72E9-8BC1489196AB}"
EndProject
Project("{FAE04EC0-301F-11D3-BF4B-00C04F79EFBC}") = "EventBus", "MicroEspire\src\BuildingBlocks\EventBus\EventBus.csproj", "{3C480E8D-3806-A1E3-6F74-517036820FE5}"
EndProject
Project("{FAE04EC0-301F-11D3-BF4B-00C04F79EFBC}") = "IntegrationEvents", "MicroEspire\src\BuildingBlocks\IntegrationEvents\IntegrationEvents.csproj", "{3C0A6197-01BE-0955-EBED-D4B9A3EBD8CA}"
EndProject
Project("{FAE04EC0-301F-11D3-BF4B-00C04F79EFBC}") = "RabbitMQ", "MicroEspire\src\BuildingBlocks\RabbitMQ\RabbitMQ.csproj", "{1B02E1EA-B7C4-2377-5F85-C1BD374D4635}"
EndProject
Project("{FAE04EC0-301F-11D3-BF4B-00C04F79EFBC}") = "WebHost", "MicroEspire\src\BuildingBlocks\WebHost\WebHost.csproj", "{605476B2-9861-2BF3-91AA-841F4E4595FA}"
EndProject
Project("{FAE04EC0-301F-11D3-BF4B-00C04F79EFBC}") = "AppHost.AppHost", "MicroEspire\src\AppHost\AppHost.AppHost\AppHost.AppHost.csproj", "{23E086C2-A170-058B-6CAE-243E3B4EB392}"
EndProject
Project("{FAE04EC0-301F-11D3-BF4B-00C04F79EFBC}") = "ServiceDefaults", "MicroEspire\src\ServiceDefaults\ServiceDefaults.csproj", "{9034418F-F5A6-DDBF-E8AF-2608E76DA379}"
EndProject
Project("{FAE04EC0-301F-11D3-BF4B-00C04F79EFBC}") = "Trading.API", "MicroEspire\src\Services\Trading\Trading.API\Trading.API.csproj", "{EA210866-CE5E-6890-EDD2-00A7175AF4E6}"
EndProject
Project("{FAE04EC0-301F-11D3-BF4B-00C04F79EFBC}") = "Trading.Application", "MicroEspire\src\Services\Trading\Trading.Application\Trading.Application.csproj", "{0A5F207C-62DC-2DDA-C9D6-569AC20799C4}"
EndProject
Project("{FAE04EC0-301F-11D3-BF4B-00C04F79EFBC}") = "Trading.Domain", "MicroEspire\src\Services\Trading\Trading.Domain\Trading.Domain.csproj", "{469804E2-2CCC-E3C9-27F7-E1763EA3C3A1}"
EndProject
Project("{FAE04EC0-301F-11D3-BF4B-00C04F79EFBC}") = "Trading.Infrastructure", "MicroEspire\src\Services\Trading\Trading.Infrastructure\Trading.Infrastructure.csproj", "{A4B3FA0E-5145-EE3E-85DA-643AD88004DB}"
EndProject
Project("{FAE04EC0-301F-11D3-BF4B-00C04F79EFBC}") = "ApiGateway", "MicroEspire\src\ApiGateway\ApiGateway.csproj", "{8D634B3F-4A21-E0A8-24CD-7B539FF2E824}"
EndProject
Project("{FAE04EC0-301F-11D3-BF4B-00C04F79EFBC}") = "WalletService.Domain", "MicroEspire\src\Services\Wallet\Wallet.Domain\WalletService.Domain.csproj", "{8AC00E17-5C5F-4280-99CB-432C921F799E}"
EndProject
Project("{FAE04EC0-301F-11D3-BF4B-00C04F79EFBC}") = "Trading.Unitests", "MicroEspire\tests\Unitest\Trading.Unitests\Trading.Unitests.csproj", "{8C30FE29-FFF5-4D02-AD85-EF98A0F9AB80}"
EndProject
Global
	GlobalSection(SolutionConfigurationPlatforms) = preSolution
		Debug|Any CPU = Debug|Any CPU
		Release|Any CPU = Release|Any CPU
	EndGlobalSection
	GlobalSection(ProjectConfigurationPlatforms) = postSolution
		{C8E453F6-2425-4632-72E9-8BC1489196AB}.Debug|Any CPU.ActiveCfg = Debug|Any CPU
		{C8E453F6-2425-4632-72E9-8BC1489196AB}.Debug|Any CPU.Build.0 = Debug|Any CPU
		{C8E453F6-2425-4632-72E9-8BC1489196AB}.Release|Any CPU.ActiveCfg = Release|Any CPU
		{C8E453F6-2425-4632-72E9-8BC1489196AB}.Release|Any CPU.Build.0 = Release|Any CPU
		{3C480E8D-3806-A1E3-6F74-517036820FE5}.Debug|Any CPU.ActiveCfg = Debug|Any CPU
		{3C480E8D-3806-A1E3-6F74-517036820FE5}.Debug|Any CPU.Build.0 = Debug|Any CPU
		{3C480E8D-3806-A1E3-6F74-517036820FE5}.Release|Any CPU.ActiveCfg = Release|Any CPU
		{3C480E8D-3806-A1E3-6F74-517036820FE5}.Release|Any CPU.Build.0 = Release|Any CPU
		{3C0A6197-01BE-0955-EBED-D4B9A3EBD8CA}.Debug|Any CPU.ActiveCfg = Debug|Any CPU
		{3C0A6197-01BE-0955-EBED-D4B9A3EBD8CA}.Debug|Any CPU.Build.0 = Debug|Any CPU
		{3C0A6197-01BE-0955-EBED-D4B9A3EBD8CA}.Release|Any CPU.ActiveCfg = Release|Any CPU
		{3C0A6197-01BE-0955-EBED-D4B9A3EBD8CA}.Release|Any CPU.Build.0 = Release|Any CPU
		{1B02E1EA-B7C4-2377-5F85-C1BD374D4635}.Debug|Any CPU.ActiveCfg = Debug|Any CPU
		{1B02E1EA-B7C4-2377-5F85-C1BD374D4635}.Debug|Any CPU.Build.0 = Debug|Any CPU
		{1B02E1EA-B7C4-2377-5F85-C1BD374D4635}.Release|Any CPU.ActiveCfg = Release|Any CPU
		{1B02E1EA-B7C4-2377-5F85-C1BD374D4635}.Release|Any CPU.Build.0 = Release|Any CPU
		{605476B2-9861-2BF3-91AA-841F4E4595FA}.Debug|Any CPU.ActiveCfg = Debug|Any CPU
		{605476B2-9861-2BF3-91AA-841F4E4595FA}.Debug|Any CPU.Build.0 = Debug|Any CPU
		{605476B2-9861-2BF3-91AA-841F4E4595FA}.Release|Any CPU.ActiveCfg = Release|Any CPU
		{605476B2-9861-2BF3-91AA-841F4E4595FA}.Release|Any CPU.Build.0 = Release|Any CPU
		{23E086C2-A170-058B-6CAE-243E3B4EB392}.Debug|Any CPU.ActiveCfg = Debug|Any CPU
		{23E086C2-A170-058B-6CAE-243E3B4EB392}.Debug|Any CPU.Build.0 = Debug|Any CPU
		{23E086C2-A170-058B-6CAE-243E3B4EB392}.Release|Any CPU.ActiveCfg = Release|Any CPU
		{23E086C2-A170-058B-6CAE-243E3B4EB392}.Release|Any CPU.Build.0 = Release|Any CPU
		{9034418F-F5A6-DDBF-E8AF-2608E76DA379}.Debug|Any CPU.ActiveCfg = Debug|Any CPU
		{9034418F-F5A6-DDBF-E8AF-2608E76DA379}.Debug|Any CPU.Build.0 = Debug|Any CPU
		{9034418F-F5A6-DDBF-E8AF-2608E76DA379}.Release|Any CPU.ActiveCfg = Release|Any CPU
		{9034418F-F5A6-DDBF-E8AF-2608E76DA379}.Release|Any CPU.Build.0 = Release|Any CPU
		{EA210866-CE5E-6890-EDD2-00A7175AF4E6}.Debug|Any CPU.ActiveCfg = Debug|Any CPU
		{EA210866-CE5E-6890-EDD2-00A7175AF4E6}.Debug|Any CPU.Build.0 = Debug|Any CPU
		{EA210866-CE5E-6890-EDD2-00A7175AF4E6}.Release|Any CPU.ActiveCfg = Release|Any CPU
		{EA210866-CE5E-6890-EDD2-00A7175AF4E6}.Release|Any CPU.Build.0 = Release|Any CPU
		{0A5F207C-62DC-2DDA-C9D6-569AC20799C4}.Debug|Any CPU.ActiveCfg = Debug|Any CPU
		{0A5F207C-62DC-2DDA-C9D6-569AC20799C4}.Debug|Any CPU.Build.0 = Debug|Any CPU
		{0A5F207C-62DC-2DDA-C9D6-569AC20799C4}.Release|Any CPU.ActiveCfg = Release|Any CPU
		{0A5F207C-62DC-2DDA-C9D6-569AC20799C4}.Release|Any CPU.Build.0 = Release|Any CPU
		{469804E2-2CCC-E3C9-27F7-E1763EA3C3A1}.Debug|Any CPU.ActiveCfg = Debug|Any CPU
		{469804E2-2CCC-E3C9-27F7-E1763EA3C3A1}.Debug|Any CPU.Build.0 = Debug|Any CPU
		{469804E2-2CCC-E3C9-27F7-E1763EA3C3A1}.Release|Any CPU.ActiveCfg = Release|Any CPU
		{469804E2-2CCC-E3C9-27F7-E1763EA3C3A1}.Release|Any CPU.Build.0 = Release|Any CPU
		{A4B3FA0E-5145-EE3E-85DA-643AD88004DB}.Debug|Any CPU.ActiveCfg = Debug|Any CPU
		{A4B3FA0E-5145-EE3E-85DA-643AD88004DB}.Debug|Any CPU.Build.0 = Debug|Any CPU
		{A4B3FA0E-5145-EE3E-85DA-643AD88004DB}.Release|Any CPU.ActiveCfg = Release|Any CPU
		{A4B3FA0E-5145-EE3E-85DA-643AD88004DB}.Release|Any CPU.Build.0 = Release|Any CPU
		{8D634B3F-4A21-E0A8-24CD-7B539FF2E824}.Debug|Any CPU.ActiveCfg = Debug|Any CPU
		{8D634B3F-4A21-E0A8-24CD-7B539FF2E824}.Debug|Any CPU.Build.0 = Debug|Any CPU
		{8D634B3F-4A21-E0A8-24CD-7B539FF2E824}.Release|Any CPU.ActiveCfg = Release|Any CPU
		{8D634B3F-4A21-E0A8-24CD-7B539FF2E824}.Release|Any CPU.Build.0 = Release|Any CPU
		{8AC00E17-5C5F-4280-99CB-432C921F799E}.Debug|Any CPU.ActiveCfg = Debug|Any CPU
		{8AC00E17-5C5F-4280-99CB-432C921F799E}.Debug|Any CPU.Build.0 = Debug|Any CPU
		{8AC00E17-5C5F-4280-99CB-432C921F799E}.Release|Any CPU.ActiveCfg = Release|Any CPU
		{8AC00E17-5C5F-4280-99CB-432C921F799E}.Release|Any CPU.Build.0 = Release|Any CPU
		{8C30FE29-FFF5-4D02-AD85-EF98A0F9AB80}.Debug|Any CPU.ActiveCfg = Debug|Any CPU
		{8C30FE29-FFF5-4D02-AD85-EF98A0F9AB80}.Debug|Any CPU.Build.0 = Debug|Any CPU
		{8C30FE29-FFF5-4D02-AD85-EF98A0F9AB80}.Release|Any CPU.ActiveCfg = Release|Any CPU
		{8C30FE29-FFF5-4D02-AD85-EF98A0F9AB80}.Release|Any CPU.Build.0 = Release|Any CPU
	EndGlobalSection
	GlobalSection(SolutionProperties) = preSolution
		HideSolutionNode = FALSE
	EndGlobalSection
	GlobalSection(NestedProjects) = preSolution
		{F595B4E6-5CE9-46BC-A1F0-6D1D59972F43} = {02EA681E-C7D8-13C7-8484-4AC65E1B71E8}
		{DF4C5791-5C82-48CF-B8A2-E472DAE44325} = {F595B4E6-5CE9-46BC-A1F0-6D1D59972F43}
		{9BEF9BDF-6362-4C15-88BC-129AE933B7AD} = {F595B4E6-5CE9-46BC-A1F0-6D1D59972F43}
		{E551F7B7-DD19-405C-B15A-46F6F648C4C6} = {F595B4E6-5CE9-46BC-A1F0-6D1D59972F43}
		{7FBFADDD-00D6-4630-AC5A-D3691F411466} = {F595B4E6-5CE9-46BC-A1F0-6D1D59972F43}
		{543619E2-0B1C-4ADE-B9EF-C61F053A6ECB} = {F595B4E6-5CE9-46BC-A1F0-6D1D59972F43}
		{56FAE007-FF4F-431F-A484-D1266759569F} = {02EA681E-C7D8-13C7-8484-4AC65E1B71E8}
		{BB3B84FB-87B8-45F2-A6C6-719CD4C2783F} = {3B0FD44B-763B-4F75-8196-7D7961DA9F39}
		{DCB51E52-0579-4437-B601-16C6A00D3EC1} = {3B0FD44B-763B-4F75-8196-7D7961DA9F39}
		{39CE358E-FB80-44B1-A0BC-4F9A740614D4} = {3B0FD44B-763B-4F75-8196-7D7961DA9F39}
		{C4B0405C-0A3D-4E16-99AC-AED323A8635C} = {6DCDA908-B350-4F02-8C8F-28EE2788801A}
		{21A79FEE-9A73-4917-9BDB-2EC90C623726} = {6DCDA908-B350-4F02-8C8F-28EE2788801A}
		{796A0BF5-B899-48E1-815A-6EC541051363} = {6DCDA908-B350-4F02-8C8F-28EE2788801A}
		{C8E453F6-2425-4632-72E9-8BC1489196AB} = {56FAE007-FF4F-431F-A484-D1266759569F}
		{3C480E8D-3806-A1E3-6F74-517036820FE5} = {56FAE007-FF4F-431F-A484-D1266759569F}
		{3C0A6197-01BE-0955-EBED-D4B9A3EBD8CA} = {56FAE007-FF4F-431F-A484-D1266759569F}
		{1B02E1EA-B7C4-2377-5F85-C1BD374D4635} = {56FAE007-FF4F-431F-A484-D1266759569F}
		{605476B2-9861-2BF3-91AA-841F4E4595FA} = {56FAE007-FF4F-431F-A484-D1266759569F}
		{23E086C2-A170-058B-6CAE-243E3B4EB392} = {02EA681E-C7D8-13C7-8484-4AC65E1B71E8}
		{9034418F-F5A6-DDBF-E8AF-2608E76DA379} = {02EA681E-C7D8-13C7-8484-4AC65E1B71E8}
		{EA210866-CE5E-6890-EDD2-00A7175AF4E6} = {DF4C5791-5C82-48CF-B8A2-E472DAE44325}
		{0A5F207C-62DC-2DDA-C9D6-569AC20799C4} = {DF4C5791-5C82-48CF-B8A2-E472DAE44325}
		{469804E2-2CCC-E3C9-27F7-E1763EA3C3A1} = {DF4C5791-5C82-48CF-B8A2-E472DAE44325}
		{A4B3FA0E-5145-EE3E-85DA-643AD88004DB} = {DF4C5791-5C82-48CF-B8A2-E472DAE44325}
		{8D634B3F-4A21-E0A8-24CD-7B539FF2E824} = {02EA681E-C7D8-13C7-8484-4AC65E1B71E8}
		{8AC00E17-5C5F-4280-99CB-432C921F799E} = {9BEF9BDF-6362-4C15-88BC-129AE933B7AD}
		{8C30FE29-FFF5-4D02-AD85-EF98A0F9AB80} = {BB3B84FB-87B8-45F2-A6C6-719CD4C2783F}
	EndGlobalSection
	GlobalSection(ExtensibilityGlobals) = postSolution
		SolutionGuid = {A9F1775D-4CE7-44F4-AAC0-5118582F540A}
	EndGlobalSection
EndGlobal
