
Microsoft Visual Studio Solution File, Format Version 12.00
# Visual Studio Version 17
VisualStudioVersion = 17.14.36518.9
MinimumVisualStudioVersion = 10.0.40219.1
Project("{2150E333-8FDC-42A3-9474-1A3956D46DE8}") = "src", "src", "{02EA681E-C7D8-13C7-8484-4AC65E1B71E8}"
EndProject
Project("{2150E333-8FDC-42A3-9474-1A3956D46DE8}") = "tests", "tests", "{3B0FD44B-763B-4F75-8196-7D7961DA9F39}"
EndProject
Project("{2150E333-8FDC-42A3-9474-1A3956D46DE8}") = "docs", "docs", "{6DCDA908-B350-4F02-8C8F-28EE2788801A}"
EndProject
Project("{FAE04EC0-301F-11D3-BF4B-00C04F79EFBC}") = "AppHost.AppHost", "src\AppHost\AppHost.AppHost\AppHost.AppHost.csproj", "{D9C4DA23-DE62-4611-BBEF-3B4349B7625F}"
EndProject
Project("{FAE04EC0-301F-11D3-BF4B-00C04F79EFBC}") = "ApiGateway", "src\ApiGateway\ApiGateway.csproj", "{3F3A9468-270B-4D91-BD70-328749AC48F8}"
EndProject
Project("{FAE04EC0-301F-11D3-BF4B-00C04F79EFBC}") = "ServiceDefaults", "src\ServiceDefaults\ServiceDefaults.csproj", "{EAB6A50D-1ABD-4F4F-B418-E91DE9C5B17A}"
EndProject
Project("{2150E333-8FDC-42A3-9474-1A3956D46DE8}") = "Services", "Services", "{F595B4E6-5CE9-46BC-A1F0-6D1D59972F43}"
EndProject
Project("{2150E333-8FDC-42A3-9474-1A3956D46DE8}") = "Trading", "Trading", "{DF4C5791-5C82-48CF-B8A2-E472DAE44325}"
EndProject
Project("{2150E333-8FDC-42A3-9474-1A3956D46DE8}") = "Wallet", "Wallet", "{9BEF9BDF-6362-4C15-88BC-129AE933B7AD}"
EndProject
Project("{2150E333-8FDC-42A3-9474-1A3956D46DE8}") = "Market", "Market", "{E551F7B7-DD19-405C-B15A-46F6F648C4C6}"
EndProject
Project("{2150E333-8FDC-42A3-9474-1A3956D46DE8}") = "Analytics", "Analytics", "{7FBFADDD-00D6-4630-AC5A-D3691F411466}"
EndProject
Project("{2150E333-8FDC-42A3-9474-1A3956D46DE8}") = "Identity", "Identity", "{543619E2-0B1C-4ADE-B9EF-C61F053A6ECB}"
EndProject
Project("{2150E333-8FDC-42A3-9474-1A3956D46DE8}") = "BuildingBlocks", "BuildingBlocks", "{56FAE007-FF4F-431F-A484-D1266759569F}"
EndProject
Project("{FAE04EC0-301F-11D3-BF4B-00C04F79EFBC}") = "EventBus", "src\BuildingBlocks\EventBus\EventBus.csproj", "{302FC9E5-5176-423D-B3CF-E07DF5EDBEAB}"
EndProject
Project("{FAE04EC0-301F-11D3-BF4B-00C04F79EFBC}") = "Common", "src\BuildingBlocks\Common\Common.csproj", "{14F616E8-D783-4DBF-940E-1C23AB28BE7B}"
EndProject
Project("{FAE04EC0-301F-11D3-BF4B-00C04F79EFBC}") = "RabbitMQ", "src\BuildingBlocks\RabbitMQ\RabbitMQ.csproj", "{367FE20A-3AA2-4ED1-A867-371BEC9E6CC7}"
EndProject
Project("{FAE04EC0-301F-11D3-BF4B-00C04F79EFBC}") = "IntegrationEvents", "src\BuildingBlocks\IntegrationEvents\IntegrationEvents.csproj", "{4B3327F4-CFAC-4BC5-BD1F-D2C2AE3EBB48}"
EndProject
Project("{FAE04EC0-301F-11D3-BF4B-00C04F79EFBC}") = "WebHost", "src\BuildingBlocks\WebHost\WebHost.csproj", "{72DE863D-EF93-432B-BA12-CA989742113F}"
EndProject
Project("{2150E333-8FDC-42A3-9474-1A3956D46DE8}") = "UnitTests", "UnitTests", "{BB3B84FB-87B8-45F2-A6C6-719CD4C2783F}"
EndProject
Project("{2150E333-8FDC-42A3-9474-1A3956D46DE8}") = "IntegrationTests", "IntegrationTests", "{DCB51E52-0579-4437-B601-16C6A00D3EC1}"
EndProject
Project("{2150E333-8FDC-42A3-9474-1A3956D46DE8}") = "ArchitectureTests", "ArchitectureTests", "{39CE358E-FB80-44B1-A0BC-4F9A740614D4}"
EndProject
Project("{2150E333-8FDC-42A3-9474-1A3956D46DE8}") = "architecture", "architecture", "{C4B0405C-0A3D-4E16-99AC-AED323A8635C}"
EndProject
Project("{2150E333-8FDC-42A3-9474-1A3956D46DE8}") = "ai-guidelines", "ai-guidelines", "{21A79FEE-9A73-4917-9BDB-2EC90C623726}"
EndProject
Project("{2150E333-8FDC-42A3-9474-1A3956D46DE8}") = "api", "api", "{796A0BF5-B899-48E1-815A-6EC541051363}"
EndProject
Global
	GlobalSection(SolutionConfigurationPlatforms) = preSolution
		Debug|Any CPU = Debug|Any CPU
		Release|Any CPU = Release|Any CPU
	EndGlobalSection
	GlobalSection(ProjectConfigurationPlatforms) = postSolution
		{D9C4DA23-DE62-4611-BBEF-3B4349B7625F}.Debug|Any CPU.ActiveCfg = Debug|Any CPU
		{D9C4DA23-DE62-4611-BBEF-3B4349B7625F}.Debug|Any CPU.Build.0 = Debug|Any CPU
		{D9C4DA23-DE62-4611-BBEF-3B4349B7625F}.Release|Any CPU.ActiveCfg = Release|Any CPU
		{D9C4DA23-DE62-4611-BBEF-3B4349B7625F}.Release|Any CPU.Build.0 = Release|Any CPU
		{3F3A9468-270B-4D91-BD70-328749AC48F8}.Debug|Any CPU.ActiveCfg = Debug|Any CPU
		{3F3A9468-270B-4D91-BD70-328749AC48F8}.Debug|Any CPU.Build.0 = Debug|Any CPU
		{3F3A9468-270B-4D91-BD70-328749AC48F8}.Release|Any CPU.ActiveCfg = Release|Any CPU
		{3F3A9468-270B-4D91-BD70-328749AC48F8}.Release|Any CPU.Build.0 = Release|Any CPU
		{EAB6A50D-1ABD-4F4F-B418-E91DE9C5B17A}.Debug|Any CPU.ActiveCfg = Debug|Any CPU
		{EAB6A50D-1ABD-4F4F-B418-E91DE9C5B17A}.Debug|Any CPU.Build.0 = Debug|Any CPU
		{EAB6A50D-1ABD-4F4F-B418-E91DE9C5B17A}.Release|Any CPU.ActiveCfg = Release|Any CPU
		{EAB6A50D-1ABD-4F4F-B418-E91DE9C5B17A}.Release|Any CPU.Build.0 = Release|Any CPU
		{302FC9E5-5176-423D-B3CF-E07DF5EDBEAB}.Debug|Any CPU.ActiveCfg = Debug|Any CPU
		{302FC9E5-5176-423D-B3CF-E07DF5EDBEAB}.Debug|Any CPU.Build.0 = Debug|Any CPU
		{302FC9E5-5176-423D-B3CF-E07DF5EDBEAB}.Release|Any CPU.ActiveCfg = Release|Any CPU
		{302FC9E5-5176-423D-B3CF-E07DF5EDBEAB}.Release|Any CPU.Build.0 = Release|Any CPU
		{14F616E8-D783-4DBF-940E-1C23AB28BE7B}.Debug|Any CPU.ActiveCfg = Debug|Any CPU
		{14F616E8-D783-4DBF-940E-1C23AB28BE7B}.Debug|Any CPU.Build.0 = Debug|Any CPU
		{14F616E8-D783-4DBF-940E-1C23AB28BE7B}.Release|Any CPU.ActiveCfg = Release|Any CPU
		{14F616E8-D783-4DBF-940E-1C23AB28BE7B}.Release|Any CPU.Build.0 = Release|Any CPU
		{367FE20A-3AA2-4ED1-A867-371BEC9E6CC7}.Debug|Any CPU.ActiveCfg = Debug|Any CPU
		{367FE20A-3AA2-4ED1-A867-371BEC9E6CC7}.Debug|Any CPU.Build.0 = Debug|Any CPU
		{367FE20A-3AA2-4ED1-A867-371BEC9E6CC7}.Release|Any CPU.ActiveCfg = Release|Any CPU
		{367FE20A-3AA2-4ED1-A867-371BEC9E6CC7}.Release|Any CPU.Build.0 = Release|Any CPU
		{4B3327F4-CFAC-4BC5-BD1F-D2C2AE3EBB48}.Debug|Any CPU.ActiveCfg = Debug|Any CPU
		{4B3327F4-CFAC-4BC5-BD1F-D2C2AE3EBB48}.Debug|Any CPU.Build.0 = Debug|Any CPU
		{4B3327F4-CFAC-4BC5-BD1F-D2C2AE3EBB48}.Release|Any CPU.ActiveCfg = Release|Any CPU
		{4B3327F4-CFAC-4BC5-BD1F-D2C2AE3EBB48}.Release|Any CPU.Build.0 = Release|Any CPU
		{72DE863D-EF93-432B-BA12-CA989742113F}.Debug|Any CPU.ActiveCfg = Debug|Any CPU
		{72DE863D-EF93-432B-BA12-CA989742113F}.Debug|Any CPU.Build.0 = Debug|Any CPU
		{72DE863D-EF93-432B-BA12-CA989742113F}.Release|Any CPU.ActiveCfg = Release|Any CPU
		{72DE863D-EF93-432B-BA12-CA989742113F}.Release|Any CPU.Build.0 = Release|Any CPU
	EndGlobalSection
	GlobalSection(SolutionProperties) = preSolution
		HideSolutionNode = FALSE
	EndGlobalSection
	GlobalSection(NestedProjects) = preSolution
		{D9C4DA23-DE62-4611-BBEF-3B4349B7625F} = {02EA681E-C7D8-13C7-8484-4AC65E1B71E8}
		{3F3A9468-270B-4D91-BD70-328749AC48F8} = {02EA681E-C7D8-13C7-8484-4AC65E1B71E8}
		{EAB6A50D-1ABD-4F4F-B418-E91DE9C5B17A} = {02EA681E-C7D8-13C7-8484-4AC65E1B71E8}
		{F595B4E6-5CE9-46BC-A1F0-6D1D59972F43} = {02EA681E-C7D8-13C7-8484-4AC65E1B71E8}
		{DF4C5791-5C82-48CF-B8A2-E472DAE44325} = {F595B4E6-5CE9-46BC-A1F0-6D1D59972F43}
		{9BEF9BDF-6362-4C15-88BC-129AE933B7AD} = {F595B4E6-5CE9-46BC-A1F0-6D1D59972F43}
		{E551F7B7-DD19-405C-B15A-46F6F648C4C6} = {F595B4E6-5CE9-46BC-A1F0-6D1D59972F43}
		{7FBFADDD-00D6-4630-AC5A-D3691F411466} = {F595B4E6-5CE9-46BC-A1F0-6D1D59972F43}
		{543619E2-0B1C-4ADE-B9EF-C61F053A6ECB} = {F595B4E6-5CE9-46BC-A1F0-6D1D59972F43}
		{56FAE007-FF4F-431F-A484-D1266759569F} = {02EA681E-C7D8-13C7-8484-4AC65E1B71E8}
		{302FC9E5-5176-423D-B3CF-E07DF5EDBEAB} = {56FAE007-FF4F-431F-A484-D1266759569F}
		{14F616E8-D783-4DBF-940E-1C23AB28BE7B} = {56FAE007-FF4F-431F-A484-D1266759569F}
		{367FE20A-3AA2-4ED1-A867-371BEC9E6CC7} = {56FAE007-FF4F-431F-A484-D1266759569F}
		{4B3327F4-CFAC-4BC5-BD1F-D2C2AE3EBB48} = {56FAE007-FF4F-431F-A484-D1266759569F}
		{72DE863D-EF93-432B-BA12-CA989742113F} = {56FAE007-FF4F-431F-A484-D1266759569F}
		{BB3B84FB-87B8-45F2-A6C6-719CD4C2783F} = {3B0FD44B-763B-4F75-8196-7D7961DA9F39}
		{DCB51E52-0579-4437-B601-16C6A00D3EC1} = {3B0FD44B-763B-4F75-8196-7D7961DA9F39}
		{39CE358E-FB80-44B1-A0BC-4F9A740614D4} = {3B0FD44B-763B-4F75-8196-7D7961DA9F39}
		{C4B0405C-0A3D-4E16-99AC-AED323A8635C} = {6DCDA908-B350-4F02-8C8F-28EE2788801A}
		{21A79FEE-9A73-4917-9BDB-2EC90C623726} = {6DCDA908-B350-4F02-8C8F-28EE2788801A}
		{796A0BF5-B899-48E1-815A-6EC541051363} = {6DCDA908-B350-4F02-8C8F-28EE2788801A}
	EndGlobalSection
	GlobalSection(ExtensibilityGlobals) = postSolution
		SolutionGuid = {A9F1775D-4CE7-44F4-AAC0-5118582F540A}
	EndGlobalSection
EndGlobal
